<?xml version="1.0" encoding="utf-8"?>
<Project ToolsVersion="4.0" xmlns="http://schemas.microsoft.com/developer/msbuild/2003">
  <ItemGroup>
    <Filter Include="generic">
      <UniqueIdentifier>{cb3a9378-9f5b-4a21-9b22-9cc7e34f1696}</UniqueIdentifier>
    </Filter>
    <Filter Include="res">
      <UniqueIdentifier>{67DA6AB6-F800-4c08-8B7A-83BB121AAD01}</UniqueIdentifier>
      <Extensions>rc;ico;cur;bmp;dlg;rc2;rct;bin;rgs;gif;jpg;jpeg;jpe;resx;tiff;tif;png;wav;mfcribbon-ms</Extensions>
    </Filter>
    <Filter Include="core">
      <UniqueIdentifier>{18ce4a6d-73a5-4d08-94f4-c39c21014dbf}</UniqueIdentifier>
    </Filter>
    <Filter Include="gui">
      <UniqueIdentifier>{601d6de1-ab2b-402b-be5a-7941044073a8}</UniqueIdentifier>
    </Filter>
    <Filter Include="engine">
      <UniqueIdentifier>{5cc4a9df-9efa-48d8-8d39-246e07b14071}</UniqueIdentifier>
    </Filter>
  </ItemGroup>
  <ItemGroup>
    <Text Include="TODO.txt" />
  </ItemGroup>
  <ItemGroup>
    <ClInclude Include="FileListView.h">
      <Filter>gui</Filter>
    </ClInclude>
    <ClInclude Include="MainFrm.h">
      <Filter>gui</Filter>
    </ClInclude>
    <ClInclude Include="VideoPreview.h">
      <Filter>gui</Filter>
    </ClInclude>
    <ClInclude Include="VideoPreviewDoc.h">
      <Filter>gui</Filter>
    </ClInclude>
    <ClInclude Include="stdafx.h">
      <Filter>core</Filter>
    </ClInclude>
    <ClInclude Include="targetver.h">
      <Filter>core</Filter>
    </ClInclude>
    <ClInclude Include="Resource.h">
      <Filter>core</Filter>
    </ClInclude>
    <ClInclude Include="OutputProfile.h">
      <Filter>core</Filter>
    </ClInclude>
    <ClInclude Include="ProcessingItem.h">
      <Filter>core</Filter>
    </ClInclude>
    <ClInclude Include="DialogSettings.h">
      <Filter>gui</Filter>
    </ClInclude>
    <ClInclude Include="ProcessingThread.h">
      <Filter>core</Filter>
    </ClInclude>
    <ClInclude Include="DialogAbout.h">
      <Filter>gui</Filter>
    </ClInclude>
    <ClInclude Include="About.h">
      <Filter>core</Filter>
    </ClInclude>
    <ClInclude Include="app_com.h">
      <Filter>generic</Filter>
    </ClInclude>
    <ClInclude Include="app_gdi.h">
      <Filter>generic</Filter>
    </ClInclude>
    <ClInclude Include="DialogOutputProfile.h">
      <Filter>gui</Filter>
    </ClInclude>
    <ClInclude Include="OutputProfileList.h">
      <Filter>gui</Filter>
    </ClInclude>
    <ClInclude Include="Settings.h">
      <Filter>core</Filter>
    </ClInclude>
    <ClInclude Include="ClipboardFiles.h">
      <Filter>gui</Filter>
    </ClInclude>
    <ClInclude Include="VideoFileTypes.h">
      <Filter>core</Filter>
    </ClInclude>
    <ClInclude Include="SettingsPane.h">
      <Filter>gui</Filter>
    </ClInclude>
    <ClInclude Include="ScreenshotGenerator.h">
      <Filter>engine</Filter>
    </ClInclude>
    <ClInclude Include="VideoFile.h">
      <Filter>engine</Filter>
    </ClInclude>
    <ClInclude Include="Draw.h">
      <Filter>engine</Filter>
    </ClInclude>
    <ClInclude Include="VPError.h">
      <Filter>core</Filter>
    </ClInclude>
  </ItemGroup>
  <ItemGroup>
    <ClCompile Include="FileListView.cpp">
      <Filter>gui</Filter>
    </ClCompile>
    <ClCompile Include="MainFrm.cpp">
      <Filter>gui</Filter>
    </ClCompile>
    <ClCompile Include="VideoPreview.cpp">
      <Filter>gui</Filter>
    </ClCompile>
    <ClCompile Include="VideoPreviewDoc.cpp">
      <Filter>gui</Filter>
    </ClCompile>
    <ClCompile Include="stdafx.cpp">
      <Filter>core</Filter>
    </ClCompile>
    <ClCompile Include="OutputProfile.cpp">
      <Filter>core</Filter>
    </ClCompile>
    <ClCompile Include="ProcessingItem.cpp">
      <Filter>core</Filter>
    </ClCompile>
    <ClCompile Include="DialogSettings.cpp">
      <Filter>gui</Filter>
    </ClCompile>
    <ClCompile Include="ProcessingThread.cpp">
      <Filter>core</Filter>
    </ClCompile>
    <ClCompile Include="DialogAbout.cpp">
      <Filter>gui</Filter>
    </ClCompile>
    <ClCompile Include="DialogOutputProfile.cpp">
      <Filter>gui</Filter>
    </ClCompile>
    <ClCompile Include="OutputProfileList.cpp">
      <Filter>gui</Filter>
    </ClCompile>
    <ClCompile Include="Settings.cpp">
      <Filter>core</Filter>
    </ClCompile>
    <ClCompile Include="ClipboardFiles.cpp">
      <Filter>gui</Filter>
    </ClCompile>
    <ClCompile Include="VideoFileTypes.cpp">
      <Filter>core</Filter>
    </ClCompile>
    <ClCompile Include="SettingsPane.cpp">
      <Filter>gui</Filter>
    </ClCompile>
    <ClCompile Include="ScreenshotGenerator.cpp">
      <Filter>engine</Filter>
    </ClCompile>
    <ClCompile Include="VideoFile.cpp">
      <Filter>engine</Filter>
    </ClCompile>
    <ClCompile Include="Draw.cpp">
      <Filter>engine</Filter>
    </ClCompile>
    <ClCompile Include="VPError.cpp">
      <Filter>core</Filter>
    </ClCompile>
  </ItemGroup>
  <ItemGroup>
    <ResourceCompile Include="VideoPreview.rc">
      <Filter>res</Filter>
    </ResourceCompile>
  </ItemGroup>
  <ItemGroup>
    <Image Include="res\VideoPreview.ico">
      <Filter>res</Filter>
    </Image>
    <Image Include="res\Toolbar.bmp">
      <Filter>res</Filter>
    </Image>
    <Image Include="res\AppIcon.ico">
      <Filter>res</Filter>
    </Image>
    <Image Include="res\sample_frame.bmp">
      <Filter>res</Filter>
    </Image>
    <Image Include="res\ToolbarSettings.bmp">
      <Filter>res</Filter>
    </Image>
    <Image Include="res\ToolbarMain.bmp">
      <Filter>res</Filter>
    </Image>
  </ItemGroup>
  <ItemGroup>
    <None Include="res\VideoPreview.rc2">
      <Filter>res</Filter>
    </None>
  </ItemGroup>
</Project>